
Microsoft Visual Studio Solution File, Format Version 12.00
# Visual Studio Version 17
VisualStudioVersion = 17.0.31903.59
MinimumVisualStudioVersion = 10.0.40219.1
Project("{2150E333-8FDC-42A3-9474-1A3956D46DE8}") = "src", "src", "{353DA1E5-E840-4E3F-A784-08F0C8B26031}"
EndProject
Project("{FAE04EC0-301F-11D3-BF4B-00C04F79EFBC}") = "CodexQuotaWidget.App", "src\CodexQuotaWidget.App\CodexQuotaWidget.App.csproj", "{54976E9A-E131-4CBD-9BAC-7B9895D5D3E5}"
EndProject
Global
	GlobalSection(SolutionConfigurationPlatforms) = preSolution
		Debug|Any CPU = Debug|Any CPU
		Release|Any CPU = Release|Any CPU
	EndGlobalSection
	GlobalSection(SolutionProperties) = preSolution
		HideSolutionNode = FALSE
	EndGlobalSection
	GlobalSection(ProjectConfigurationPlatforms) = postSolution
		{54976E9A-E131-4CBD-9BAC-7B9895D5D3E5}.Debug|Any CPU.ActiveCfg = Debug|Any CPU
		{54976E9A-E131-4CBD-9BAC-7B9895D5D3E5}.Debug|Any CPU.Build.0 = Debug|Any CPU
		{54976E9A-E131-4CBD-9BAC-7B9895D5D3E5}.Release|Any CPU.ActiveCfg = Release|Any CPU
		{54976E9A-E131-4CBD-9BAC-7B9895D5D3E5}.Release|Any CPU.Build.0 = Release|Any CPU
	EndGlobalSection
	GlobalSection(NestedProjects) = preSolution
		{54976E9A-E131-4CBD-9BAC-7B9895D5D3E5} = {353DA1E5-E840-4E3F-A784-08F0C8B26031}
	EndGlobalSection
EndGlobal
